<?xml version="1.0" encoding="UTF-8" standalone="yes" ?>
<CodeBlocks_project_file>
	<FileVersion major="1" minor="6" />
	<Project>
		<Option title="RelilabilityCalculator" />
		<Option makefile="makefile" />
		<Option pch_mode="2" />
		<Option compiler="gcc" />
		<Build>
			<Target title="Debug">
				<Option output="bin/Debug/RelilabilityCalculator" prefix_auto="1" extension_auto="1" />
				<Option object_output="obj/Debug/" />
				<Option type="1" />
				<Option compiler="gcc" />
				<Compiler>
					<Add option="-g" />
					<Add directory="include" />
				</Compiler>
			</Target>
			<Target title="Release">
				<Option output="bin/Release/RelilabilityCalculator" prefix_auto="1" extension_auto="1" />
				<Option object_output="obj/Release/" />
				<Option type="1" />
				<Option compiler="gcc" />
				<Compiler>
					<Add option="-O2" />
					<Add directory="include" />
				</Compiler>
				<Linker>
					<Add option="-s" />
				</Linker>
			</Target>
		</Build>
		<Compiler>
			<Add option="-Wall" />
			<Add option="-fexceptions" />
		</Compiler>
		<Unit filename="include/IC.h" />
		<Unit filename="include/capacitor.h" />
		<Unit filename="include/component.h" />
		<Unit filename="include/defaultcmp.h" />
		<Unit filename="include/diode.h" />
		<Unit filename="include/inductor.h" />
		<Unit filename="include/resistor.h" />
		<Unit filename="include/schematic.h" />
		<Unit filename="main.cpp">
			<Option target="Debug" />
		</Unit>
		<Unit filename="main_PowerBoard.cpp">
			<Option target="Release" />
		</Unit>
		<Unit filename="src/IC.cpp" />
		<Unit filename="src/capacitor.cpp" />
		<Unit filename="src/component.cpp" />
		<Unit filename="src/diode.cpp" />
		<Unit filename="src/inductor.cpp" />
		<Unit filename="src/resistor.cpp" />
		<Unit filename="src/schematic.cpp" />
		<Extensions>
			<code_completion />
			<envvars />
			<debugger />
			<lib_finder disable_auto="1" />
		</Extensions>
	</Project>
</CodeBlocks_project_file>
